// !$*UTF8*$!
{
	archiveVersion = 1;
	classes = {
	};
	objectVersion = 46;
	objects = {

/* Begin PBXBuildFile section */
		4AC4E4271942C73900E5DCE6 /* AppDelegate.swift in Sources */ = {isa = PBXBuildFile; fileRef = 4AC4E4261942C73900E5DCE6 /* AppDelegate.swift */; };
		4AC4E4291942C73900E5DCE6 /* ViewController.swift in Sources */ = {isa = PBXBuildFile; fileRef = 4AC4E4281942C73900E5DCE6 /* ViewController.swift */; };
		4AC4E42C1942C73900E5DCE6 /* Main.storyboard in Resources */ = {isa = PBXBuildFile; fileRef = 4AC4E42A1942C73900E5DCE6 /* Main.storyboard */; };
		4AC4E42E1942C73900E5DCE6 /* Images.xcassets in Resources */ = {isa = PBXBuildFile; fileRef = 4AC4E42D1942C73900E5DCE6 /* Images.xcassets */; };
		4AC4E43A1942C73900E5DCE6 /* MyQuizAppTests.swift in Sources */ = {isa = PBXBuildFile; fileRef = 4AC4E4391942C73900E5DCE6 /* MyQuizAppTests.swift */; };
		4AC4E4461942C81C00E5DCE6 /* QuizViewController.swift in Sources */ = {isa = PBXBuildFile; fileRef = 4AC4E4451942C81C00E5DCE6 /* QuizViewController.swift */; };
		4AC4E4481942C84C00E5DCE6 /* ResultViewController.swift in Sources */ = {isa = PBXBuildFile; fileRef = 4AC4E4471942C84C00E5DCE6 /* ResultViewController.swift */; };
		4AC4E44C1943074900E5DCE6 /* Problem.swift in Sources */ = {isa = PBXBuildFile; fileRef = 4AC4E44B1943074900E5DCE6 /* Problem.swift */; };
		4AC4E44E1944838C00E5DCE6 /* QuizManager.swift in Sources */ = {isa = PBXBuildFile; fileRef = 4AC4E44D1944838C00E5DCE6 /* QuizManager.swift */; };
/* End PBXBuildFile section */

/* Begin PBXContainerItemProxy section */
		4AC4E4341942C73900E5DCE6 /* PBXContainerItemProxy */ = {
			isa = PBXContainerItemProxy;
			containerPortal = 4AC4E4191942C73900E5DCE6 /* Project object */;
			proxyType = 1;
			remoteGlobalIDString = 4AC4E4201942C73900E5DCE6;
			remoteInfo = MyQuizApp;
		};
/* End PBXContainerItemProxy section */

/* Begin PBXFileReference section */
		4AC4E4211942C73900E5DCE6 /* MyQuizApp.app */ = {isa = PBXFileReference; explicitFileType = wrapper.application; includeInIndex = 0; path = MyQuizApp.app; sourceTree = BUILT_PRODUCTS_DIR; };
		4AC4E4251942C73900E5DCE6 /* Info.plist */ = {isa = PBXFileReference; lastKnownFileType = text.plist.xml; path = Info.plist; sourceTree = "<group>"; };
		4AC4E4261942C73900E5DCE6 /* AppDelegate.swift */ = {isa = PBXFileReference; lastKnownFileType = sourcecode.swift; path = AppDelegate.swift; sourceTree = "<group>"; };
		4AC4E4281942C73900E5DCE6 /* ViewController.swift */ = {isa = PBXFileReference; lastKnownFileType = sourcecode.swift; path = ViewController.swift; sourceTree = "<group>"; };
		4AC4E42B1942C73900E5DCE6 /* Base */ = {isa = PBXFileReference; lastKnownFileType = file.storyboard; name = Base; path = Base.lproj/Main.storyboard; sourceTree = "<group>"; };
		4AC4E42D1942C73900E5DCE6 /* Images.xcassets */ = {isa = PBXFileReference; lastKnownFileType = folder.assetcatalog; path = Images.xcassets; sourceTree = "<group>"; };
		4AC4E4331942C73900E5DCE6 /* MyQuizAppTests.xctest */ = {isa = PBXFileReference; explicitFileType = wrapper.cfbundle; includeInIndex = 0; path = MyQuizAppTests.xctest; sourceTree = BUILT_PRODUCTS_DIR; };
		4AC4E4381942C73900E5DCE6 /* Info.plist */ = {isa = PBXFileReference; lastKnownFileType = text.plist.xml; path = Info.plist; sourceTree = "<group>"; };
		4AC4E4391942C73900E5DCE6 /* MyQuizAppTests.swift */ = {isa = PBXFileReference; lastKnownFileType = sourcecode.swift; path = MyQuizAppTests.swift; sourceTree = "<group>"; };
		4AC4E4451942C81C00E5DCE6 /* QuizViewController.swift */ = {isa = PBXFileReference; fileEncoding = 4; lastKnownFileType = sourcecode.swift; path = QuizViewController.swift; sourceTree = "<group>"; };
		4AC4E4471942C84C00E5DCE6 /* ResultViewController.swift */ = {isa = PBXFileReference; fileEncoding = 4; lastKnownFileType = sourcecode.swift; path = ResultViewController.swift; sourceTree = "<group>"; };
		4AC4E44B1943074900E5DCE6 /* Problem.swift */ = {isa = PBXFileReference; fileEncoding = 4; lastKnownFileType = sourcecode.swift; path = Problem.swift; sourceTree = "<group>"; };
		4AC4E44D1944838C00E5DCE6 /* QuizManager.swift */ = {isa = PBXFileReference; fileEncoding = 4; lastKnownFileType = sourcecode.swift; path = QuizManager.swift; sourceTree = "<group>"; };
/* End PBXFileReference section */

/* Begin PBXFrameworksBuildPhase section */
		4AC4E41E1942C73900E5DCE6 /* Frameworks */ = {
			isa = PBXFrameworksBuildPhase;
			buildActionMask = 2147483647;
			files = (
			);
			runOnlyForDeploymentPostprocessing = 0;
		};
		4AC4E4301942C73900E5DCE6 /* Frameworks */ = {
			isa = PBXFrameworksBuildPhase;
			buildActionMask = 2147483647;
			files = (
			);
			runOnlyForDeploymentPostprocessing = 0;
		};
/* End PBXFrameworksBuildPhase section */

/* Begin PBXGroup section */
		4AC4E4181942C73900E5DCE6 = {
			isa = PBXGroup;
			children = (
				4AC4E4231942C73900E5DCE6 /* MyQuizApp */,
				4AC4E4361942C73900E5DCE6 /* MyQuizAppTests */,
				4AC4E4221942C73900E5DCE6 /* Products */,
			);
			sourceTree = "<group>";
		};
		4AC4E4221942C73900E5DCE6 /* Products */ = {
			isa = PBXGroup;
			children = (
				4AC4E4211942C73900E5DCE6 /* MyQuizApp.app */,
				4AC4E4331942C73900E5DCE6 /* MyQuizAppTests.xctest */,
			);
			name = Products;
			sourceTree = "<group>";
		};
		4AC4E4231942C73900E5DCE6 /* MyQuizApp */ = {
			isa = PBXGroup;
			children = (
				4AC4E4261942C73900E5DCE6 /* AppDelegate.swift */,
				4AC4E4281942C73900E5DCE6 /* ViewController.swift */,
				4AC4E4451942C81C00E5DCE6 /* QuizViewController.swift */,
				4AC4E4471942C84C00E5DCE6 /* ResultViewController.swift */,
				4AC4E44B1943074900E5DCE6 /* Problem.swift */,
				4AC4E44D1944838C00E5DCE6 /* QuizManager.swift */,
				4AC4E42A1942C73900E5DCE6 /* Main.storyboard */,
				4AC4E42D1942C73900E5DCE6 /* Images.xcassets */,
				4AC4E4241942C73900E5DCE6 /* Supporting Files */,
			);
			path = MyQuizApp;
			sourceTree = "<group>";
		};
		4AC4E4241942C73900E5DCE6 /* Supporting Files */ = {
			isa = PBXGroup;
			children = (
				4AC4E4251942C73900E5DCE6 /* Info.plist */,
			);
			name = "Supporting Files";
			sourceTree = "<group>";
		};
		4AC4E4361942C73900E5DCE6 /* MyQuizAppTests */ = {
			isa = PBXGroup;
			children = (
				4AC4E4391942C73900E5DCE6 /* MyQuizAppTests.swift */,
				4AC4E4371942C73900E5DCE6 /* Supporting Files */,
			);
			path = MyQuizAppTests;
			sourceTree = "<group>";
		};
		4AC4E4371942C73900E5DCE6 /* Supporting Files */ = {
			isa = PBXGroup;
			children = (
				4AC4E4381942C73900E5DCE6 /* Info.plist */,
			);
			name = "Supporting Files";
			sourceTree = "<group>";
		};
/* End PBXGroup section */

/* Begin PBXNativeTarget section */
		4AC4E4201942C73900E5DCE6 /* MyQuizApp */ = {
			isa = PBXNativeTarget;
			buildConfigurationList = 4AC4E43D1942C73900E5DCE6 /* Build configuration list for PBXNativeTarget "MyQuizApp" */;
			buildPhases = (
				4AC4E41D1942C73900E5DCE6 /* Sources */,
				4AC4E41E1942C73900E5DCE6 /* Frameworks */,
				4AC4E41F1942C73900E5DCE6 /* Resources */,
			);
			buildRules = (
			);
			dependencies = (
			);
			name = MyQuizApp;
			productName = MyQuizApp;
			productReference = 4AC4E4211942C73900E5DCE6 /* MyQuizApp.app */;
			productType = "com.apple.product-type.application";
		};
		4AC4E4321942C73900E5DCE6 /* MyQuizAppTests */ = {
			isa = PBXNativeTarget;
			buildConfigurationList = 4AC4E4401942C73900E5DCE6 /* Build configuration list for PBXNativeTarget "MyQuizAppTests" */;
			buildPhases = (
				4AC4E42F1942C73900E5DCE6 /* Sources */,
				4AC4E4301942C73900E5DCE6 /* Frameworks */,
				4AC4E4311942C73900E5DCE6 /* Resources */,
			);
			buildRules = (
			);
			dependencies = (
				4AC4E4351942C73900E5DCE6 /* PBXTargetDependency */,
			);
			name = MyQuizAppTests;
			productName = MyQuizAppTests;
			productReference = 4AC4E4331942C73900E5DCE6 /* MyQuizAppTests.xctest */;
			productType = "com.apple.product-type.bundle.unit-test";
		};
/* End PBXNativeTarget section */

/* Begin PBXProject section */
		4AC4E4191942C73900E5DCE6 /* Project object */ = {
			isa = PBXProject;
			attributes = {
				LastUpgradeCheck = 0600;
				ORGANIZATIONNAME = Tommy;
				TargetAttributes = {
					4AC4E4201942C73900E5DCE6 = {
						CreatedOnToolsVersion = 6.0;
					};
					4AC4E4321942C73900E5DCE6 = {
						CreatedOnToolsVersion = 6.0;
						TestTargetID = 4AC4E4201942C73900E5DCE6;
					};
				};
			};
			buildConfigurationList = 4AC4E41C1942C73900E5DCE6 /* Build configuration list for PBXProject "MyQuizApp" */;
			compatibilityVersion = "Xcode 3.2";
			developmentRegion = English;
			hasScannedForEncodings = 0;
			knownRegions = (
				en,
				Base,
			);
			mainGroup = 4AC4E4181942C73900E5DCE6;
			productRefGroup = 4AC4E4221942C73900E5DCE6 /* Products */;
			projectDirPath = "";
			projectRoot = "";
			targets = (
				4AC4E4201942C73900E5DCE6 /* MyQuizApp */,
				4AC4E4321942C73900E5DCE6 /* MyQuizAppTests */,
			);
		};
/* End PBXProject section */

/* Begin PBXResourcesBuildPhase section */
		4AC4E41F1942C73900E5DCE6 /* Resources */ = {
			isa = PBXResourcesBuildPhase;
			buildActionMask = 2147483647;
			files = (
				4AC4E42C1942C73900E5DCE6 /* Main.storyboard in Resources */,
				4AC4E42E1942C73900E5DCE6 /* Images.xcassets in Resources */,
			);
			runOnlyForDeploymentPostprocessing = 0;
		};
		4AC4E4311942C73900E5DCE6 /* Resources */ = {
			isa = PBXResourcesBuildPhase;
			buildActionMask = 2147483647;
			files = (
			);
			runOnlyForDeploymentPostprocessing = 0;
		};
/* End PBXResourcesBuildPhase section */

/* Begin PBXSourcesBuildPhase section */
		4AC4E41D1942C73900E5DCE6 /* Sources */ = {
			isa = PBXSourcesBuildPhase;
			buildActionMask = 2147483647;
			files = (
				4AC4E4461942C81C00E5DCE6 /* QuizViewController.swift in Sources */,
				4AC4E4291942C73900E5DCE6 /* ViewController.swift in Sources */,
				4AC4E4271942C73900E5DCE6 /* AppDelegate.swift in Sources */,
				4AC4E44C1943074900E5DCE6 /* Problem.swift in Sources */,
				4AC4E44E1944838C00E5DCE6 /* QuizManager.swift in Sources */,
				4AC4E4481942C84C00E5DCE6 /* ResultViewController.swift in Sources */,
			);
			runOnlyForDeploymentPostprocessing = 0;
		};
		4AC4E42F1942C73900E5DCE6 /* Sources */ = {
			isa = PBXSourcesBuildPhase;
			buildActionMask = 2147483647;
			files = (
				4AC4E43A1942C73900E5DCE6 /* MyQuizAppTests.swift in Sources */,
			);
			runOnlyForDeploymentPostprocessing = 0;
		};
/* End PBXSourcesBuildPhase section */

/* Begin PBXTargetDependency section */
		4AC4E4351942C73900E5DCE6 /* PBXTargetDependency */ = {
			isa = PBXTargetDependency;
			target = 4AC4E4201942C73900E5DCE6 /* MyQuizApp */;
			targetProxy = 4AC4E4341942C73900E5DCE6 /* PBXContainerItemProxy */;
		};
/* End PBXTargetDependency section */

/* Begin PBXVariantGroup section */
		4AC4E42A1942C73900E5DCE6 /* Main.storyboard */ = {
			isa = PBXVariantGroup;
			children = (
				4AC4E42B1942C73900E5DCE6 /* Base */,
			);
			name = Main.storyboard;
			sourceTree = "<group>";
		};
/* End PBXVariantGroup section */

/* Begin XCBuildConfiguration section */
		4AC4E43B1942C73900E5DCE6 /* Debug */ = {
			isa = XCBuildConfiguration;
			buildSettings = {
				ALWAYS_SEARCH_USER_PATHS = NO;
				CLANG_CXX_LANGUAGE_STANDARD = "gnu++0x";
				CLANG_CXX_LIBRARY = "libc++";
				CLANG_ENABLE_MODULES = YES;
				CLANG_ENABLE_OBJC_ARC = YES;
				CLANG_WARN_BOOL_CONVERSION = YES;
				CLANG_WARN_CONSTANT_CONVERSION = YES;
				CLANG_WARN_DIRECT_OBJC_ISA_USAGE = YES_ERROR;
				CLANG_WARN_EMPTY_BODY = YES;
				CLANG_WARN_ENUM_CONVERSION = YES;
				CLANG_WARN_INT_CONVERSION = YES;
				CLANG_WARN_OBJC_ROOT_CLASS = YES_ERROR;
				CLANG_WARN_UNREACHABLE_CODE = YES;
				CLANG_WARN__DUPLICATE_METHOD_MATCH = YES;
				"CODE_SIGN_IDENTITY[sdk=iphoneos*]" = "iPhone Developer";
				COPY_PHASE_STRIP = NO;
				ENABLE_STRICT_OBJC_MSGSEND = YES;
				GCC_C_LANGUAGE_STANDARD = gnu99;
				GCC_DYNAMIC_NO_PIC = NO;
				GCC_OPTIMIZATION_LEVEL = 0;
				GCC_PREPROCESSOR_DEFINITIONS = (
					"DEBUG=1",
					"$(inherited)",
				);
				GCC_SYMBOLS_PRIVATE_EXTERN = NO;
				GCC_WARN_64_TO_32_BIT_CONVERSION = YES;
				GCC_WARN_ABOUT_RETURN_TYPE = YES_ERROR;
				GCC_WARN_UNDECLARED_SELECTOR = YES;
				GCC_WARN_UNINITIALIZED_AUTOS = YES_AGGRESSIVE;
				GCC_WARN_UNUSED_FUNCTION = YES;
				GCC_WARN_UNUSED_VARIABLE = YES;
				IPHONEOS_DEPLOYMENT_TARGET = 8.0;
				METAL_ENABLE_DEBUG_INFO = YES;
				ONLY_ACTIVE_ARCH = YES;
				SDKROOT = iphoneos;
				SWIFT_OPTIMIZATION_LEVEL = "-Onone";
			};
			name = Debug;
		};
		4AC4E43C1942C73900E5DCE6 /* Release */ = {
			isa = XCBuildConfiguration;
			buildSettings = {
				ALWAYS_SEARCH_USER_PATHS = NO;
				CLANG_CXX_LANGUAGE_STANDARD = "gnu++0x";
				CLANG_CXX_LIBRARY = "libc++";
				CLANG_ENABLE_MODULES = YES;
				CLANG_ENABLE_OBJC_ARC = YES;
				CLANG_WARN_BOOL_CONVERSION = YES;
				CLANG_WARN_CONSTANT_CONVERSION = YES;
				CLANG_WARN_DIRECT_OBJC_ISA_USAGE = YES_ERROR;
				CLANG_WARN_EMPTY_BODY = YES;
				CLANG_WARN_ENUM_CONVERSION = YES;
				CLANG_WARN_INT_CONVERSION = YES;
				CLANG_WARN_OBJC_ROOT_CLASS = YES_ERROR;
				CLANG_WARN_UNREACHABLE_CODE = YES;
				CLANG_WARN__DUPLICATE_METHOD_MATCH = YES;
				"CODE_SIGN_IDENTITY[sdk=iphoneos*]" = "iPhone Developer";
				COPY_PHASE_STRIP = YES;
				ENABLE_NS_ASSERTIONS = NO;
				ENABLE_STRICT_OBJC_MSGSEND = YES;
				GCC_C_LANGUAGE_STANDARD = gnu99;
				GCC_WARN_64_TO_32_BIT_CONVERSION = YES;
				GCC_WARN_ABOUT_RETURN_TYPE = YES_ERROR;
				GCC_WARN_UNDECLARED_SELECTOR = YES;
				GCC_WARN_UNINITIALIZED_AUTOS = YES_AGGRESSIVE;
				GCC_WARN_UNUSED_FUNCTION = YES;
				GCC_WARN_UNUSED_VARIABLE = YES;
				IPHONEOS_DEPLOYMENT_TARGET = 8.0;
				METAL_ENABLE_DEBUG_INFO = NO;
				SDKROOT = iphoneos;
				VALIDATE_PRODUCT = YES;
			};
			name = Release;
		};
		4AC4E43E1942C73900E5DCE6 /* Debug */ = {
			isa = XCBuildConfiguration;
			buildSettings = {
				ASSETCATALOG_COMPILER_APPICON_NAME = AppIcon;
				ASSETCATALOG_COMPILER_LAUNCHIMAGE_NAME = LaunchImage;
				INFOPLIST_FILE = MyQuizApp/Info.plist;
				LD_RUNPATH_SEARCH_PATHS = "$(inherited) @executable_path/Frameworks";
				PRODUCT_NAME = "$(TARGET_NAME)";
			};
			name = Debug;
		};
		4AC4E43F1942C73900E5DCE6 /* Release */ = {
			isa = XCBuildConfiguration;
			buildSettings = {
				ASSETCATALOG_COMPILER_APPICON_NAME = AppIcon;
				ASSETCATALOG_COMPILER_LAUNCHIMAGE_NAME = LaunchImage;
				INFOPLIST_FILE = MyQuizApp/Info.plist;
				LD_RUNPATH_SEARCH_PATHS = "$(inherited) @executable_path/Frameworks";
				PRODUCT_NAME = "$(TARGET_NAME)";
			};
			name = Release;
		};
		4AC4E4411942C73900E5DCE6 /* Debug */ = {
			isa = XCBuildConfiguration;
			buildSettings = {
				BUNDLE_LOADER = "$(BUILT_PRODUCTS_DIR)/MyQuizApp.app/MyQuizApp";
				FRAMEWORK_SEARCH_PATHS = (
					"$(SDKROOT)/Developer/Library/Frameworks",
					"$(inherited)",
				);
				GCC_PREPROCESSOR_DEFINITIONS = (
					"DEBUG=1",
					"$(inherited)",
				);
				INFOPLIST_FILE = MyQuizAppTests/Info.plist;
				LD_RUNPATH_SEARCH_PATHS = "$(inherited) @executable_path/Frameworks @loader_path/Frameworks";
				METAL_ENABLE_DEBUG_INFO = YES;
				PRODUCT_NAME = "$(TARGET_NAME)";
				TEST_HOST = "$(BUNDLE_LOADER)";
			};
			name = Debug;
		};
		4AC4E4421942C73900E5DCE6 /* Release */ = {
			isa = XCBuildConfiguration;
			buildSettings = {
				BUNDLE_LOADER = "$(BUILT_PRODUCTS_DIR)/MyQuizApp.app/MyQuizApp";
				FRAMEWORK_SEARCH_PATHS = (
					"$(SDKROOT)/Developer/Library/Frameworks",
					"$(inherited)",
				);
				INFOPLIST_FILE = MyQuizAppTests/Info.plist;
				LD_RUNPATH_SEARCH_PATHS = "$(inherited) @executable_path/Frameworks @loader_path/Frameworks";
				METAL_ENABLE_DEBUG_INFO = NO;
				PRODUCT_NAME = "$(TARGET_NAME)";
				TEST_HOST = "$(BUNDLE_LOADER)";
			};
			name = Release;
		};
/* End XCBuildConfiguration section */

/* Begin XCConfigurationList section */
		4AC4E41C1942C73900E5DCE6 /* Build configuration list for PBXProject "MyQuizApp" */ = {
			isa = XCConfigurationList;
			buildConfigurations = (
				4AC4E43B1942C73900E5DCE6 /* Debug */,
				4AC4E43C1942C73900E5DCE6 /* Release */,
			);
			defaultConfigurationIsVisible = 0;
			defaultConfigurationName = Release;
		};
		4AC4E43D1942C73900E5DCE6 /* Build configuration list for PBXNativeTarget "MyQuizApp" */ = {
			isa = XCConfigurationList;
			buildConfigurations = (
				4AC4E43E1942C73900E5DCE6 /* Debug */,
				4AC4E43F1942C73900E5DCE6 /* Release */,
			);
			defaultConfigurationIsVisible = 0;
		};
		4AC4E4401942C73900E5DCE6 /* Build configuration list for PBXNativeTarget "MyQuizAppTests" */ = {
			isa = XCConfigurationList;
			buildConfigurations = (
				4AC4E4411942C73900E5DCE6 /* Debug */,
				4AC4E4421942C73900E5DCE6 /* Release */,
			);
			defaultConfigurationIsVisible = 0;
		};
/* End XCConfigurationList section */
	};
	rootObject = 4AC4E4191942C73900E5DCE6 /* Project object */;
}
